
Microsoft Visual Studio Solution File, Format Version 12.00
# Visual Studio Version 17
VisualStudioVersion = 17.14.36121.58
MinimumVisualStudioVersion = 10.0.40219.1
Project("{FAE04EC0-301F-11D3-BF4B-00C04F79EFBC}") = "Self_care", "Self_care\Self_care.csproj", "{723B1079-3F3D-4132-B8FD-5000BEDF8922}"
EndProject
Project("{54A90642-561A-4BB1-A94E-469ADEE60C69}") = "self_care_front", "self_care_front\self_care_front.esproj", "{9A1C6CFE-CA8E-D169-A755-0EE45E1EF625}"
EndProject
Global
	GlobalSection(SolutionConfigurationPlatforms) = preSolution
		Debug|Any CPU = Debug|Any CPU
		Release|Any CPU = Release|Any CPU
	EndGlobalSection
	GlobalSection(ProjectConfigurationPlatforms) = postSolution
		{723B1079-3F3D-4132-B8FD-5000BEDF8922}.Debug|Any CPU.ActiveCfg = Debug|Any CPU
		{723B1079-3F3D-4132-B8FD-5000BEDF8922}.Debug|Any CPU.Build.0 = Debug|Any CPU
		{723B1079-3F3D-4132-B8FD-5000BEDF8922}.Release|Any CPU.ActiveCfg = Release|Any CPU
		{723B1079-3F3D-4132-B8FD-5000BEDF8922}.Release|Any CPU.Build.0 = Release|Any CPU
		{9A1C6CFE-CA8E-D169-A755-0EE45E1EF625}.Debug|Any CPU.ActiveCfg = Debug|Any CPU
		{9A1C6CFE-CA8E-D169-A755-0EE45E1EF625}.Debug|Any CPU.Build.0 = Debug|Any CPU
		{9A1C6CFE-CA8E-D169-A755-0EE45E1EF625}.Debug|Any CPU.Deploy.0 = Debug|Any CPU
		{9A1C6CFE-CA8E-D169-A755-0EE45E1EF625}.Release|Any CPU.ActiveCfg = Release|Any CPU
		{9A1C6CFE-CA8E-D169-A755-0EE45E1EF625}.Release|Any CPU.Build.0 = Release|Any CPU
		{9A1C6CFE-CA8E-D169-A755-0EE45E1EF625}.Release|Any CPU.Deploy.0 = Release|Any CPU
	EndGlobalSection
	GlobalSection(SolutionProperties) = preSolution
		HideSolutionNode = FALSE
	EndGlobalSection
	GlobalSection(ExtensibilityGlobals) = postSolution
		SolutionGuid = {3571E431-59BC-4D27-9C0F-C2B84B1DF4E3}
	EndGlobalSection
EndGlobal
